// !$*UTF8*$!
{
	archiveVersion = 1;
	classes = {
	};
	objectVersion = 46;
	objects = {

/* Begin PBXBuildFile section */
		22B5EE5B1C8B38AD00C92C6E /* main.m in Sources */ = {isa = PBXBuildFile; fileRef = 22B5EE5A1C8B38AD00C92C6E /* main.m */; };
		22B5EE5E1C8B38AD00C92C6E /* AppDelegate.m in Sources */ = {isa = PBXBuildFile; fileRef = 22B5EE5D1C8B38AD00C92C6E /* AppDelegate.m */; };
		22B5EE611C8B38AD00C92C6E /* ViewController.m in Sources */ = {isa = PBXBuildFile; fileRef = 22B5EE601C8B38AD00C92C6E /* ViewController.m */; };
		22B5EE641C8B38AD00C92C6E /* Main.storyboard in Resources */ = {isa = PBXBuildFile; fileRef = 22B5EE621C8B38AD00C92C6E /* Main.storyboard */; };
		22B5EE661C8B38AD00C92C6E /* Assets.xcassets in Resources */ = {isa = PBXBuildFile; fileRef = 22B5EE651C8B38AD00C92C6E /* Assets.xcassets */; };
		22B5EE691C8B38AD00C92C6E /* LaunchScreen.storyboard in Resources */ = {isa = PBXBuildFile; fileRef = 22B5EE671C8B38AD00C92C6E /* LaunchScreen.storyboard */; };
		22B5EE741C8B38AD00C92C6E /* watchahead_1Tests.m in Sources */ = {isa = PBXBuildFile; fileRef = 22B5EE731C8B38AD00C92C6E /* watchahead_1Tests.m */; };
		22B5EE7F1C8B38AD00C92C6E /* watchahead_1UITests.m in Sources */ = {isa = PBXBuildFile; fileRef = 22B5EE7E1C8B38AD00C92C6E /* watchahead_1UITests.m */; };
		22B5EE8D1C8B398100C92C6E /* AudioToolbox.framework in Frameworks */ = {isa = PBXBuildFile; fileRef = 22B5EE8C1C8B398100C92C6E /* AudioToolbox.framework */; };
		22B5EE8F1C8B399400C92C6E /* AVFoundation.framework in Frameworks */ = {isa = PBXBuildFile; fileRef = 22B5EE8E1C8B399400C92C6E /* AVFoundation.framework */; };
		22B5EE911C8B3D6600C92C6E /* lockcar.mp3 in Resources */ = {isa = PBXBuildFile; fileRef = 22B5EE901C8B3D6600C92C6E /* lockcar.mp3 */; };
		22B5EE921C8B3D6600C92C6E /* lockcar.mp3 in Resources */ = {isa = PBXBuildFile; fileRef = 22B5EE901C8B3D6600C92C6E /* lockcar.mp3 */; };
		22B5EE931C8B3D6600C92C6E /* lockcar.mp3 in Resources */ = {isa = PBXBuildFile; fileRef = 22B5EE901C8B3D6600C92C6E /* lockcar.mp3 */; };
/* End PBXBuildFile section */

/* Begin PBXContainerItemProxy section */
		22B5EE701C8B38AD00C92C6E /* PBXContainerItemProxy */ = {
			isa = PBXContainerItemProxy;
			containerPortal = 22B5EE4E1C8B38AD00C92C6E /* Project object */;
			proxyType = 1;
			remoteGlobalIDString = 22B5EE551C8B38AD00C92C6E;
			remoteInfo = watchahead_1;
		};
		22B5EE7B1C8B38AD00C92C6E /* PBXContainerItemProxy */ = {
			isa = PBXContainerItemProxy;
			containerPortal = 22B5EE4E1C8B38AD00C92C6E /* Project object */;
			proxyType = 1;
			remoteGlobalIDString = 22B5EE551C8B38AD00C92C6E;
			remoteInfo = watchahead_1;
		};
/* End PBXContainerItemProxy section */

/* Begin PBXFileReference section */
		22B5EE561C8B38AD00C92C6E /* watchahead_1.app */ = {isa = PBXFileReference; explicitFileType = wrapper.application; includeInIndex = 0; path = watchahead_1.app; sourceTree = BUILT_PRODUCTS_DIR; };
		22B5EE5A1C8B38AD00C92C6E /* main.m */ = {isa = PBXFileReference; lastKnownFileType = sourcecode.c.objc; path = main.m; sourceTree = "<group>"; };
		22B5EE5C1C8B38AD00C92C6E /* AppDelegate.h */ = {isa = PBXFileReference; lastKnownFileType = sourcecode.c.h; path = AppDelegate.h; sourceTree = "<group>"; };
		22B5EE5D1C8B38AD00C92C6E /* AppDelegate.m */ = {isa = PBXFileReference; lastKnownFileType = sourcecode.c.objc; path = AppDelegate.m; sourceTree = "<group>"; };
		22B5EE5F1C8B38AD00C92C6E /* ViewController.h */ = {isa = PBXFileReference; lastKnownFileType = sourcecode.c.h; path = ViewController.h; sourceTree = "<group>"; };
		22B5EE601C8B38AD00C92C6E /* ViewController.m */ = {isa = PBXFileReference; lastKnownFileType = sourcecode.c.objc; path = ViewController.m; sourceTree = "<group>"; };
		22B5EE631C8B38AD00C92C6E /* Base */ = {isa = PBXFileReference; lastKnownFileType = file.storyboard; name = Base; path = Base.lproj/Main.storyboard; sourceTree = "<group>"; };
		22B5EE651C8B38AD00C92C6E /* Assets.xcassets */ = {isa = PBXFileReference; lastKnownFileType = folder.assetcatalog; path = Assets.xcassets; sourceTree = "<group>"; };
		22B5EE681C8B38AD00C92C6E /* Base */ = {isa = PBXFileReference; lastKnownFileType = file.storyboard; name = Base; path = Base.lproj/LaunchScreen.storyboard; sourceTree = "<group>"; };
		22B5EE6A1C8B38AD00C92C6E /* Info.plist */ = {isa = PBXFileReference; lastKnownFileType = text.plist.xml; path = Info.plist; sourceTree = "<group>"; };
		22B5EE6F1C8B38AD00C92C6E /* watchahead_1Tests.xctest */ = {isa = PBXFileReference; explicitFileType = wrapper.cfbundle; includeInIndex = 0; path = watchahead_1Tests.xctest; sourceTree = BUILT_PRODUCTS_DIR; };
		22B5EE731C8B38AD00C92C6E /* watchahead_1Tests.m */ = {isa = PBXFileReference; lastKnownFileType = sourcecode.c.objc; path = watchahead_1Tests.m; sourceTree = "<group>"; };
		22B5EE751C8B38AD00C92C6E /* Info.plist */ = {isa = PBXFileReference; lastKnownFileType = text.plist.xml; path = Info.plist; sourceTree = "<group>"; };
		22B5EE7A1C8B38AD00C92C6E /* watchahead_1UITests.xctest */ = {isa = PBXFileReference; explicitFileType = wrapper.cfbundle; includeInIndex = 0; path = watchahead_1UITests.xctest; sourceTree = BUILT_PRODUCTS_DIR; };
		22B5EE7E1C8B38AD00C92C6E /* watchahead_1UITests.m */ = {isa = PBXFileReference; lastKnownFileType = sourcecode.c.objc; path = watchahead_1UITests.m; sourceTree = "<group>"; };
		22B5EE801C8B38AD00C92C6E /* Info.plist */ = {isa = PBXFileReference; lastKnownFileType = text.plist.xml; path = Info.plist; sourceTree = "<group>"; };
		22B5EE8C1C8B398100C92C6E /* AudioToolbox.framework */ = {isa = PBXFileReference; lastKnownFileType = wrapper.framework; name = AudioToolbox.framework; path = System/Library/Frameworks/AudioToolbox.framework; sourceTree = SDKROOT; };
		22B5EE8E1C8B399400C92C6E /* AVFoundation.framework */ = {isa = PBXFileReference; lastKnownFileType = wrapper.framework; name = AVFoundation.framework; path = System/Library/Frameworks/AVFoundation.framework; sourceTree = SDKROOT; };
		22B5EE901C8B3D6600C92C6E /* lockcar.mp3 */ = {isa = PBXFileReference; lastKnownFileType = audio.mp3; path = lockcar.mp3; sourceTree = "<group>"; };
/* End PBXFileReference section */

/* Begin PBXFrameworksBuildPhase section */
		22B5EE531C8B38AD00C92C6E /* Frameworks */ = {
			isa = PBXFrameworksBuildPhase;
			buildActionMask = 2147483647;
			files = (
				22B5EE8F1C8B399400C92C6E /* AVFoundation.framework in Frameworks */,
				22B5EE8D1C8B398100C92C6E /* AudioToolbox.framework in Frameworks */,
			);
			runOnlyForDeploymentPostprocessing = 0;
		};
		22B5EE6C1C8B38AD00C92C6E /* Frameworks */ = {
			isa = PBXFrameworksBuildPhase;
			buildActionMask = 2147483647;
			files = (
			);
			runOnlyForDeploymentPostprocessing = 0;
		};
		22B5EE771C8B38AD00C92C6E /* Frameworks */ = {
			isa = PBXFrameworksBuildPhase;
			buildActionMask = 2147483647;
			files = (
			);
			runOnlyForDeploymentPostprocessing = 0;
		};
/* End PBXFrameworksBuildPhase section */

/* Begin PBXGroup section */
		22B5EE4D1C8B38AD00C92C6E = {
			isa = PBXGroup;
			children = (
				22B5EE8E1C8B399400C92C6E /* AVFoundation.framework */,
				22B5EE8C1C8B398100C92C6E /* AudioToolbox.framework */,
				22B5EE581C8B38AD00C92C6E /* watchahead_1 */,
				22B5EE721C8B38AD00C92C6E /* watchahead_1Tests */,
				22B5EE7D1C8B38AD00C92C6E /* watchahead_1UITests */,
				22B5EE571C8B38AD00C92C6E /* Products */,
			);
			sourceTree = "<group>";
		};
		22B5EE571C8B38AD00C92C6E /* Products */ = {
			isa = PBXGroup;
			children = (
				22B5EE561C8B38AD00C92C6E /* watchahead_1.app */,
				22B5EE6F1C8B38AD00C92C6E /* watchahead_1Tests.xctest */,
				22B5EE7A1C8B38AD00C92C6E /* watchahead_1UITests.xctest */,
			);
			name = Products;
			sourceTree = "<group>";
		};
		22B5EE581C8B38AD00C92C6E /* watchahead_1 */ = {
			isa = PBXGroup;
			children = (
				22B5EE5C1C8B38AD00C92C6E /* AppDelegate.h */,
				22B5EE5D1C8B38AD00C92C6E /* AppDelegate.m */,
				22B5EE5F1C8B38AD00C92C6E /* ViewController.h */,
				22B5EE601C8B38AD00C92C6E /* ViewController.m */,
				22B5EE621C8B38AD00C92C6E /* Main.storyboard */,
				22B5EE651C8B38AD00C92C6E /* Assets.xcassets */,
				22B5EE671C8B38AD00C92C6E /* LaunchScreen.storyboard */,
				22B5EE6A1C8B38AD00C92C6E /* Info.plist */,
				22B5EE591C8B38AD00C92C6E /* Supporting Files */,
			);
			path = watchahead_1;
			sourceTree = "<group>";
		};
		22B5EE591C8B38AD00C92C6E /* Supporting Files */ = {
			isa = PBXGroup;
			children = (
				22B5EE901C8B3D6600C92C6E /* lockcar.mp3 */,
				22B5EE5A1C8B38AD00C92C6E /* main.m */,
			);
			name = "Supporting Files";
			sourceTree = "<group>";
		};
		22B5EE721C8B38AD00C92C6E /* watchahead_1Tests */ = {
			isa = PBXGroup;
			children = (
				22B5EE731C8B38AD00C92C6E /* watchahead_1Tests.m */,
				22B5EE751C8B38AD00C92C6E /* Info.plist */,
			);
			path = watchahead_1Tests;
			sourceTree = "<group>";
		};
		22B5EE7D1C8B38AD00C92C6E /* watchahead_1UITests */ = {
			isa = PBXGroup;
			children = (
				22B5EE7E1C8B38AD00C92C6E /* watchahead_1UITests.m */,
				22B5EE801C8B38AD00C92C6E /* Info.plist */,
			);
			path = watchahead_1UITests;
			sourceTree = "<group>";
		};
/* End PBXGroup section */

/* Begin PBXNativeTarget section */
		22B5EE551C8B38AD00C92C6E /* watchahead_1 */ = {
			isa = PBXNativeTarget;
			buildConfigurationList = 22B5EE831C8B38AD00C92C6E /* Build configuration list for PBXNativeTarget "watchahead_1" */;
			buildPhases = (
				22B5EE521C8B38AD00C92C6E /* Sources */,
				22B5EE531C8B38AD00C92C6E /* Frameworks */,
				22B5EE541C8B38AD00C92C6E /* Resources */,
			);
			buildRules = (
			);
			dependencies = (
			);
			name = watchahead_1;
			productName = watchahead_1;
			productReference = 22B5EE561C8B38AD00C92C6E /* watchahead_1.app */;
			productType = "com.apple.product-type.application";
		};
		22B5EE6E1C8B38AD00C92C6E /* watchahead_1Tests */ = {
			isa = PBXNativeTarget;
			buildConfigurationList = 22B5EE861C8B38AD00C92C6E /* Build configuration list for PBXNativeTarget "watchahead_1Tests" */;
			buildPhases = (
				22B5EE6B1C8B38AD00C92C6E /* Sources */,
				22B5EE6C1C8B38AD00C92C6E /* Frameworks */,
				22B5EE6D1C8B38AD00C92C6E /* Resources */,
			);
			buildRules = (
			);
			dependencies = (
				22B5EE711C8B38AD00C92C6E /* PBXTargetDependency */,
			);
			name = watchahead_1Tests;
			productName = watchahead_1Tests;
			productReference = 22B5EE6F1C8B38AD00C92C6E /* watchahead_1Tests.xctest */;
			productType = "com.apple.product-type.bundle.unit-test";
		};
		22B5EE791C8B38AD00C92C6E /* watchahead_1UITests */ = {
			isa = PBXNativeTarget;
			buildConfigurationList = 22B5EE891C8B38AD00C92C6E /* Build configuration list for PBXNativeTarget "watchahead_1UITests" */;
			buildPhases = (
				22B5EE761C8B38AD00C92C6E /* Sources */,
				22B5EE771C8B38AD00C92C6E /* Frameworks */,
				22B5EE781C8B38AD00C92C6E /* Resources */,
			);
			buildRules = (
			);
			dependencies = (
				22B5EE7C1C8B38AD00C92C6E /* PBXTargetDependency */,
			);
			name = watchahead_1UITests;
			productName = watchahead_1UITests;
			productReference = 22B5EE7A1C8B38AD00C92C6E /* watchahead_1UITests.xctest */;
			productType = "com.apple.product-type.bundle.ui-testing";
		};
/* End PBXNativeTarget section */

/* Begin PBXProject section */
		22B5EE4E1C8B38AD00C92C6E /* Project object */ = {
			isa = PBXProject;
			attributes = {
				LastUpgradeCheck = 0720;
				ORGANIZATIONNAME = Ziyu.Wang;
				TargetAttributes = {
					22B5EE551C8B38AD00C92C6E = {
						CreatedOnToolsVersion = 7.2.1;
					};
					22B5EE6E1C8B38AD00C92C6E = {
						CreatedOnToolsVersion = 7.2.1;
						TestTargetID = 22B5EE551C8B38AD00C92C6E;
					};
					22B5EE791C8B38AD00C92C6E = {
						CreatedOnToolsVersion = 7.2.1;
						TestTargetID = 22B5EE551C8B38AD00C92C6E;
					};
				};
			};
			buildConfigurationList = 22B5EE511C8B38AD00C92C6E /* Build configuration list for PBXProject "watchahead_1" */;
			compatibilityVersion = "Xcode 3.2";
			developmentRegion = English;
			hasScannedForEncodings = 0;
			knownRegions = (
				en,
				Base,
			);
			mainGroup = 22B5EE4D1C8B38AD00C92C6E;
			productRefGroup = 22B5EE571C8B38AD00C92C6E /* Products */;
			projectDirPath = "";
			projectRoot = "";
			targets = (
				22B5EE551C8B38AD00C92C6E /* watchahead_1 */,
				22B5EE6E1C8B38AD00C92C6E /* watchahead_1Tests */,
				22B5EE791C8B38AD00C92C6E /* watchahead_1UITests */,
			);
		};
/* End PBXProject section */

/* Begin PBXResourcesBuildPhase section */
		22B5EE541C8B38AD00C92C6E /* Resources */ = {
			isa = PBXResourcesBuildPhase;
			buildActionMask = 2147483647;
			files = (
				22B5EE911C8B3D6600C92C6E /* lockcar.mp3 in Resources */,
				22B5EE691C8B38AD00C92C6E /* LaunchScreen.storyboard in Resources */,
				22B5EE661C8B38AD00C92C6E /* Assets.xcassets in Resources */,
				22B5EE641C8B38AD00C92C6E /* Main.storyboard in Resources */,
			);
			runOnlyForDeploymentPostprocessing = 0;
		};
		22B5EE6D1C8B38AD00C92C6E /* Resources */ = {
			isa = PBXResourcesBuildPhase;
			buildActionMask = 2147483647;
			files = (
				22B5EE921C8B3D6600C92C6E /* lockcar.mp3 in Resources */,
			);
			runOnlyForDeploymentPostprocessing = 0;
		};
		22B5EE781C8B38AD00C92C6E /* Resources */ = {
			isa = PBXResourcesBuildPhase;
			buildActionMask = 2147483647;
			files = (
				22B5EE931C8B3D6600C92C6E /* lockcar.mp3 in Resources */,
			);
			runOnlyForDeploymentPostprocessing = 0;
		};
/* End PBXResourcesBuildPhase section */

/* Begin PBXSourcesBuildPhase section */
		22B5EE521C8B38AD00C92C6E /* Sources */ = {
			isa = PBXSourcesBuildPhase;
			buildActionMask = 2147483647;
			files = (
				22B5EE611C8B38AD00C92C6E /* ViewController.m in Sources */,
				22B5EE5E1C8B38AD00C92C6E /* AppDelegate.m in Sources */,
				22B5EE5B1C8B38AD00C92C6E /* main.m in Sources */,
			);
			runOnlyForDeploymentPostprocessing = 0;
		};
		22B5EE6B1C8B38AD00C92C6E /* Sources */ = {
			isa = PBXSourcesBuildPhase;
			buildActionMask = 2147483647;
			files = (
				22B5EE741C8B38AD00C92C6E /* watchahead_1Tests.m in Sources */,
			);
			runOnlyForDeploymentPostprocessing = 0;
		};
		22B5EE761C8B38AD00C92C6E /* Sources */ = {
			isa = PBXSourcesBuildPhase;
			buildActionMask = 2147483647;
			files = (
				22B5EE7F1C8B38AD00C92C6E /* watchahead_1UITests.m in Sources */,
			);
			runOnlyForDeploymentPostprocessing = 0;
		};
/* End PBXSourcesBuildPhase section */

/* Begin PBXTargetDependency section */
		22B5EE711C8B38AD00C92C6E /* PBXTargetDependency */ = {
			isa = PBXTargetDependency;
			target = 22B5EE551C8B38AD00C92C6E /* watchahead_1 */;
			targetProxy = 22B5EE701C8B38AD00C92C6E /* PBXContainerItemProxy */;
		};
		22B5EE7C1C8B38AD00C92C6E /* PBXTargetDependency */ = {
			isa = PBXTargetDependency;
			target = 22B5EE551C8B38AD00C92C6E /* watchahead_1 */;
			targetProxy = 22B5EE7B1C8B38AD00C92C6E /* PBXContainerItemProxy */;
		};
/* End PBXTargetDependency section */

/* Begin PBXVariantGroup section */
		22B5EE621C8B38AD00C92C6E /* Main.storyboard */ = {
			isa = PBXVariantGroup;
			children = (
				22B5EE631C8B38AD00C92C6E /* Base */,
			);
			name = Main.storyboard;
			sourceTree = "<group>";
		};
		22B5EE671C8B38AD00C92C6E /* LaunchScreen.storyboard */ = {
			isa = PBXVariantGroup;
			children = (
				22B5EE681C8B38AD00C92C6E /* Base */,
			);
			name = LaunchScreen.storyboard;
			sourceTree = "<group>";
		};
/* End PBXVariantGroup section */

/* Begin XCBuildConfiguration section */
		22B5EE811C8B38AD00C92C6E /* Debug */ = {
			isa = XCBuildConfiguration;
			buildSettings = {
				ALWAYS_SEARCH_USER_PATHS = NO;
				CLANG_CXX_LANGUAGE_STANDARD = "gnu++0x";
				CLANG_CXX_LIBRARY = "libc++";
				CLANG_ENABLE_MODULES = YES;
				CLANG_ENABLE_OBJC_ARC = YES;
				CLANG_WARN_BOOL_CONVERSION = YES;
				CLANG_WARN_CONSTANT_CONVERSION = YES;
				CLANG_WARN_DIRECT_OBJC_ISA_USAGE = YES_ERROR;
				CLANG_WARN_EMPTY_BODY = YES;
				CLANG_WARN_ENUM_CONVERSION = YES;
				CLANG_WARN_INT_CONVERSION = YES;
				CLANG_WARN_OBJC_ROOT_CLASS = YES_ERROR;
				CLANG_WARN_UNREACHABLE_CODE = YES;
				CLANG_WARN__DUPLICATE_METHOD_MATCH = YES;
				"CODE_SIGN_IDENTITY[sdk=iphoneos*]" = "iPhone Developer";
				COPY_PHASE_STRIP = NO;
				DEBUG_INFORMATION_FORMAT = dwarf;
				ENABLE_STRICT_OBJC_MSGSEND = YES;
				ENABLE_TESTABILITY = YES;
				GCC_C_LANGUAGE_STANDARD = gnu99;
				GCC_DYNAMIC_NO_PIC = NO;
				GCC_NO_COMMON_BLOCKS = YES;
				GCC_OPTIMIZATION_LEVEL = 0;
				GCC_PREPROCESSOR_DEFINITIONS = (
					"DEBUG=1",
					"$(inherited)",
				);
				GCC_WARN_64_TO_32_BIT_CONVERSION = YES;
				GCC_WARN_ABOUT_RETURN_TYPE = YES_ERROR;
				GCC_WARN_UNDECLARED_SELECTOR = YES;
				GCC_WARN_UNINITIALIZED_AUTOS = YES_AGGRESSIVE;
				GCC_WARN_UNUSED_FUNCTION = YES;
				GCC_WARN_UNUSED_VARIABLE = YES;
				IPHONEOS_DEPLOYMENT_TARGET = 9.2;
				MTL_ENABLE_DEBUG_INFO = YES;
				ONLY_ACTIVE_ARCH = YES;
				SDKROOT = iphoneos;
				TARGETED_DEVICE_FAMILY = "1,2";
			};
			name = Debug;
		};
		22B5EE821C8B38AD00C92C6E /* Release */ = {
			isa = XCBuildConfiguration;
			buildSettings = {
				ALWAYS_SEARCH_USER_PATHS = NO;
				CLANG_CXX_LANGUAGE_STANDARD = "gnu++0x";
				CLANG_CXX_LIBRARY = "libc++";
				CLANG_ENABLE_MODULES = YES;
				CLANG_ENABLE_OBJC_ARC = YES;
				CLANG_WARN_BOOL_CONVERSION = YES;
				CLANG_WARN_CONSTANT_CONVERSION = YES;
				CLANG_WARN_DIRECT_OBJC_ISA_USAGE = YES_ERROR;
				CLANG_WARN_EMPTY_BODY = YES;
				CLANG_WARN_ENUM_CONVERSION = YES;
				CLANG_WARN_INT_CONVERSION = YES;
				CLANG_WARN_OBJC_ROOT_CLASS = YES_ERROR;
				CLANG_WARN_UNREACHABLE_CODE = YES;
				CLANG_WARN__DUPLICATE_METHOD_MATCH = YES;
				"CODE_SIGN_IDENTITY[sdk=iphoneos*]" = "iPhone Developer";
				COPY_PHASE_STRIP = NO;
				DEBUG_INFORMATION_FORMAT = "dwarf-with-dsym";
				ENABLE_NS_ASSERTIONS = NO;
				ENABLE_STRICT_OBJC_MSGSEND = YES;
				GCC_C_LANGUAGE_STANDARD = gnu99;
				GCC_NO_COMMON_BLOCKS = YES;
				GCC_WARN_64_TO_32_BIT_CONVERSION = YES;
				GCC_WARN_ABOUT_RETURN_TYPE = YES_ERROR;
				GCC_WARN_UNDECLARED_SELECTOR = YES;
				GCC_WARN_UNINITIALIZED_AUTOS = YES_AGGRESSIVE;
				GCC_WARN_UNUSED_FUNCTION = YES;
				GCC_WARN_UNUSED_VARIABLE = YES;
				IPHONEOS_DEPLOYMENT_TARGET = 9.2;
				MTL_ENABLE_DEBUG_INFO = NO;
				SDKROOT = iphoneos;
				TARGETED_DEVICE_FAMILY = "1,2";
				VALIDATE_PRODUCT = YES;
			};
			name = Release;
		};
		22B5EE841C8B38AD00C92C6E /* Debug */ = {
			isa = XCBuildConfiguration;
			buildSettings = {
				ASSETCATALOG_COMPILER_APPICON_NAME = AppIcon;
				INFOPLIST_FILE = watchahead_1/Info.plist;
				LD_RUNPATH_SEARCH_PATHS = "$(inherited) @executable_path/Frameworks";
				PRODUCT_BUNDLE_IDENTIFIER = "FYP-ZIYUWANG.watchahead-1";
				PRODUCT_NAME = "$(TARGET_NAME)";
			};
			name = Debug;
		};
		22B5EE851C8B38AD00C92C6E /* Release */ = {
			isa = XCBuildConfiguration;
			buildSettings = {
				ASSETCATALOG_COMPILER_APPICON_NAME = AppIcon;
				INFOPLIST_FILE = watchahead_1/Info.plist;
				LD_RUNPATH_SEARCH_PATHS = "$(inherited) @executable_path/Frameworks";
				PRODUCT_BUNDLE_IDENTIFIER = "FYP-ZIYUWANG.watchahead-1";
				PRODUCT_NAME = "$(TARGET_NAME)";
			};
			name = Release;
		};
		22B5EE871C8B38AD00C92C6E /* Debug */ = {
			isa = XCBuildConfiguration;
			buildSettings = {
				BUNDLE_LOADER = "$(TEST_HOST)";
				INFOPLIST_FILE = watchahead_1Tests/Info.plist;
				LD_RUNPATH_SEARCH_PATHS = "$(inherited) @executable_path/Frameworks @loader_path/Frameworks";
				PRODUCT_BUNDLE_IDENTIFIER = "FYP-ZIYUWANG.watchahead-1Tests";
				PRODUCT_NAME = "$(TARGET_NAME)";
				TEST_HOST = "$(BUILT_PRODUCTS_DIR)/watchahead_1.app/watchahead_1";
			};
			name = Debug;
		};
		22B5EE881C8B38AD00C92C6E /* Release */ = {
			isa = XCBuildConfiguration;
			buildSettings = {
				BUNDLE_LOADER = "$(TEST_HOST)";
				INFOPLIST_FILE = watchahead_1Tests/Info.plist;
				LD_RUNPATH_SEARCH_PATHS = "$(inherited) @executable_path/Frameworks @loader_path/Frameworks";
				PRODUCT_BUNDLE_IDENTIFIER = "FYP-ZIYUWANG.watchahead-1Tests";
				PRODUCT_NAME = "$(TARGET_NAME)";
				TEST_HOST = "$(BUILT_PRODUCTS_DIR)/watchahead_1.app/watchahead_1";
			};
			name = Release;
		};
		22B5EE8A1C8B38AD00C92C6E /* Debug */ = {
			isa = XCBuildConfiguration;
			buildSettings = {
				INFOPLIST_FILE = watchahead_1UITests/Info.plist;
				LD_RUNPATH_SEARCH_PATHS = "$(inherited) @executable_path/Frameworks @loader_path/Frameworks";
				PRODUCT_BUNDLE_IDENTIFIER = "FYP-ZIYUWANG.watchahead-1UITests";
				PRODUCT_NAME = "$(TARGET_NAME)";
				TEST_TARGET_NAME = watchahead_1;
				USES_XCTRUNNER = YES;
			};
			name = Debug;
		};
		22B5EE8B1C8B38AD00C92C6E /* Release */ = {
			isa = XCBuildConfiguration;
			buildSettings = {
				INFOPLIST_FILE = watchahead_1UITests/Info.plist;
				LD_RUNPATH_SEARCH_PATHS = "$(inherited) @executable_path/Frameworks @loader_path/Frameworks";
				PRODUCT_BUNDLE_IDENTIFIER = "FYP-ZIYUWANG.watchahead-1UITests";
				PRODUCT_NAME = "$(TARGET_NAME)";
				TEST_TARGET_NAME = watchahead_1;
				USES_XCTRUNNER = YES;
			};
			name = Release;
		};
/* End XCBuildConfiguration section */

/* Begin XCConfigurationList section */
		22B5EE511C8B38AD00C92C6E /* Build configuration list for PBXProject "watchahead_1" */ = {
			isa = XCConfigurationList;
			buildConfigurations = (
				22B5EE811C8B38AD00C92C6E /* Debug */,
				22B5EE821C8B38AD00C92C6E /* Release */,
			);
			defaultConfigurationIsVisible = 0;
			defaultConfigurationName = Release;
		};
		22B5EE831C8B38AD00C92C6E /* Build configuration list for PBXNativeTarget "watchahead_1" */ = {
			isa = XCConfigurationList;
			buildConfigurations = (
				22B5EE841C8B38AD00C92C6E /* Debug */,
				22B5EE851C8B38AD00C92C6E /* Release */,
			);
			defaultConfigurationIsVisible = 0;
			defaultConfigurationName = Release;
		};
		22B5EE861C8B38AD00C92C6E /* Build configuration list for PBXNativeTarget "watchahead_1Tests" */ = {
			isa = XCConfigurationList;
			buildConfigurations = (
				22B5EE871C8B38AD00C92C6E /* Debug */,
				22B5EE881C8B38AD00C92C6E /* Release */,
			);
			defaultConfigurationIsVisible = 0;
			defaultConfigurationName = Release;
		};
		22B5EE891C8B38AD00C92C6E /* Build configuration list for PBXNativeTarget "watchahead_1UITests" */ = {
			isa = XCConfigurationList;
			buildConfigurations = (
				22B5EE8A1C8B38AD00C92C6E /* Debug */,
				22B5EE8B1C8B38AD00C92C6E /* Release */,
			);
			defaultConfigurationIsVisible = 0;
			defaultConfigurationName = Release;
		};
/* End XCConfigurationList section */
	};
	rootObject = 22B5EE4E1C8B38AD00C92C6E /* Project object */;
}
